PODS:
  - Alamofire (4.5.0)
  - GzipSwift (4.0.0-beta.2)
  - PromiseKit (4.4.0):
    - PromiseKit/Foundation (= 4.4.0)
    - PromiseKit/QuartzCore (= 4.4.0)
    - PromiseKit/UIKit (= 4.4.0)
  - PromiseKit/Alamofire (4.4.0):
    - Alamofire (~> 4.0)
    - PromiseKit/CorePromise
  - PromiseKit/CorePromise (4.4.0)
  - PromiseKit/Foundation (4.4.0):
    - PromiseKit/CorePromise
  - PromiseKit/QuartzCore (4.4.0):
    - PromiseKit/CorePromise
  - PromiseKit/UIKit (4.4.0):
    - PromiseKit/CorePromise

DEPENDENCIES:
  - GzipSwift (from `https://github.com/1024jp/GzipSwift.git`, branch `swift4`)
  - PromiseKit (~> 4.4)
  - PromiseKit/Alamofire

EXTERNAL SOURCES:
  GzipSwift:
    :branch: swift4
    :git: https://github.com/1024jp/GzipSwift.git

CHECKOUT OPTIONS:
  GzipSwift:
    :commit: 72e16b884600b98ac77a871daecaea34aec87f8e
    :git: https://github.com/1024jp/GzipSwift.git

SPEC CHECKSUMS:
  Alamofire: f28cdffd29de33a7bfa022cbd63ae95a27fae140
  GzipSwift: 502e99b339a441575d762ba234e10250bc491d29
  PromiseKit: ecf5fe92275d57ee77c9ede858af47a162e9b97e

PODFILE CHECKSUM: 98936b63a6379b1524febe73116de518c8f4b858

COCOAPODS: 1.2.1
