PODS:
  - Alamofire (4.5.0)
  - DeflateSwift (0.0.7)
  - PromiseKit (4.4.0):
    - PromiseKit/Foundation (= 4.4.0)
    - PromiseKit/QuartzCore (= 4.4.0)
    - PromiseKit/UIKit (= 4.4.0)
  - PromiseKit/Alamofire (4.4.0):
    - Alamofire (~> 4.0)
    - PromiseKit/CorePromise
  - PromiseKit/CorePromise (4.4.0)
  - PromiseKit/Foundation (4.4.0):
    - PromiseKit/CorePromise
  - PromiseKit/QuartzCore (4.4.0):
    - PromiseKit/CorePromise
  - PromiseKit/UIKit (4.4.0):
    - PromiseKit/CorePromise

DEPENDENCIES:
  - DeflateSwift (from `https://github.com/TheNoim/DeflateSwift.git`)
  - PromiseKit (~> 4.4)
  - PromiseKit/Alamofire

EXTERNAL SOURCES:
  DeflateSwift:
    :git: https://github.com/TheNoim/DeflateSwift.git

CHECKOUT OPTIONS:
  DeflateSwift:
    :commit: 6180c17b188dbdd571bb793501fbad670c37bd80
    :git: https://github.com/TheNoim/DeflateSwift.git

SPEC CHECKSUMS:
  Alamofire: f28cdffd29de33a7bfa022cbd63ae95a27fae140
  DeflateSwift: 4c086fc39999e0cdc2912a9e4e7b6d3283318a9a
  PromiseKit: ecf5fe92275d57ee77c9ede858af47a162e9b97e

PODFILE CHECKSUM: 70ca627daeb21b4f92804e89b26f6aec87ea012d

COCOAPODS: 1.2.1
